
Microsoft Visual Studio Solution File, Format Version 12.00
# Visual Studio 15
VisualStudioVersion = 15.0.27004.2002
MinimumVisualStudioVersion = 10.0.40219.1
Project("{FAE04EC0-301F-11D3-BF4B-00C04F79EFBC}") = "AplicacionComercialClase", "AplicacionComercialClase\AplicacionComercialClase.csproj", "{32FF5BD9-B344-40B7-810A-6960ADE2DDF0}"
EndProject
Project("{FAE04EC0-301F-11D3-BF4B-00C04F79EFBC}") = "CADAplicacionComercial", "CADAplicacionComercial\CADAplicacionComercial.csproj", "{D573AF0E-64DD-457C-97F2-20B096C3B097}"
EndProject
Global
	GlobalSection(SolutionConfigurationPlatforms) = preSolution
		Debug|Any CPU = Debug|Any CPU
		Release|Any CPU = Release|Any CPU
	EndGlobalSection
	GlobalSection(ProjectConfigurationPlatforms) = postSolution
		{32FF5BD9-B344-40B7-810A-6960ADE2DDF0}.Debug|Any CPU.ActiveCfg = Debug|Any CPU
		{32FF5BD9-B344-40B7-810A-6960ADE2DDF0}.Debug|Any CPU.Build.0 = Debug|Any CPU
		{32FF5BD9-B344-40B7-810A-6960ADE2DDF0}.Release|Any CPU.ActiveCfg = Release|Any CPU
		{32FF5BD9-B344-40B7-810A-6960ADE2DDF0}.Release|Any CPU.Build.0 = Release|Any CPU
		{D573AF0E-64DD-457C-97F2-20B096C3B097}.Debug|Any CPU.ActiveCfg = Debug|Any CPU
		{D573AF0E-64DD-457C-97F2-20B096C3B097}.Debug|Any CPU.Build.0 = Debug|Any CPU
		{D573AF0E-64DD-457C-97F2-20B096C3B097}.Release|Any CPU.ActiveCfg = Release|Any CPU
		{D573AF0E-64DD-457C-97F2-20B096C3B097}.Release|Any CPU.Build.0 = Release|Any CPU
	EndGlobalSection
	GlobalSection(SolutionProperties) = preSolution
		HideSolutionNode = FALSE
	EndGlobalSection
	GlobalSection(ExtensibilityGlobals) = postSolution
		SolutionGuid = {58D88834-6E63-4E49-8C74-01F194C29256}
	EndGlobalSection
EndGlobal
